{
  "name": "3d-video",
  "version": "1.0.0",
  "lockfileVersion": 3,
  "requires": true,
  "packages": {
    "": {
      "name": "3d-video",
      "version": "1.0.0",
      "license": "ISC",
      "dependencies": {
        "@fontsource/noto-sans-telugu": "^5.3.0",
        "playwright-core": "^1.63.0",
        "three": "^0.186.1"
      }
    },
    "node_modules/@fontsource/noto-sans-telugu": {
      "version": "5.3.0",
      "resolved": "https://registry.npmjs.org/@fontsource/noto-sans-telugu/-/noto-sans-telugu-5.3.0.tgz",
      "integrity": "sha512-D5AD91Ok2wURk6Vf4sOe2KA3nf0M7qePboNVuvJbguOqLAplh3cGkEIX1qi9u1Jjcz9QWblQ5BbTXI/c+QjB9Q==",
      "license": "OFL-1.1",
      "funding": {
        "url": "https://github.com/sponsors/ayuhito"
      }
    },
    "node_modules/playwright-core": {
      "version": "1.63.0",
      "resolved": "https://registry.npmjs.org/playwright-core/-/playwright-core-1.63.0.tgz",
      "integrity": "sha512-rYCsBF/M5HjUch52bbtVONEFjv6Xu8sm8h72dNlR5bzIE1fvC/bxgspzkjSfU+MweEMmPM8KJebG6nnyxo5mCg==",
      "license": "Apache-2.0",
      "bin": {
        "playwright-core": "cli.js"
      },
      "engines": {
        "node": ">=20"
      }
    },
    "node_modules/three": {
      "version": "0.186.1",
      "resolved": "https://registry.npmjs.org/three/-/three-0.186.1.tgz",
      "integrity": "sha512-blFeqb49wRCSGUGj7gtpfnSGHy2lwDk94RhUmS1c/hTby70kvChbWpkJ4Pm1390LqzzvTmzgXKHPEafJwCb8jA==",
      "license": "MIT"
    }
  }
}
